
Microsoft Visual Studio Solution File, Format Version 12.00
# Visual Studio Version 17
VisualStudioVersion = 17.8.34316.72
MinimumVisualStudioVersion = 10.0.40219.1
Project("{FAE04EC0-301F-11D3-BF4B-00C04F79EFBC}") = "PlayingWithTasks", "PlayingWithTasks\PlayingWithTasks.csproj", "{0D0707E3-9B32-4AC0-8D9B-7F9B53D71B86}"
EndProject
Global
	GlobalSection(SolutionConfigurationPlatforms) = preSolution
		Debug|Any CPU = Debug|Any CPU
		Release|Any CPU = Release|Any CPU
	EndGlobalSection
	GlobalSection(ProjectConfigurationPlatforms) = postSolution
		{0D0707E3-9B32-4AC0-8D9B-7F9B53D71B86}.Debug|Any CPU.ActiveCfg = Debug|Any CPU
		{0D0707E3-9B32-4AC0-8D9B-7F9B53D71B86}.Debug|Any CPU.Build.0 = Debug|Any CPU
		{0D0707E3-9B32-4AC0-8D9B-7F9B53D71B86}.Release|Any CPU.ActiveCfg = Release|Any CPU
		{0D0707E3-9B32-4AC0-8D9B-7F9B53D71B86}.Release|Any CPU.Build.0 = Release|Any CPU
	EndGlobalSection
	GlobalSection(SolutionProperties) = preSolution
		HideSolutionNode = FALSE
	EndGlobalSection
	GlobalSection(ExtensibilityGlobals) = postSolution
		SolutionGuid = {0967D435-88AB-4C5F-A1E7-EA21949D4C1A}
	EndGlobalSection
EndGlobal
