
Microsoft Visual Studio Solution File, Format Version 12.00
# Visual Studio Version 17
VisualStudioVersion = 17.8.34316.72
MinimumVisualStudioVersion = 10.0.40219.1
Project("{FAE04EC0-301F-11D3-BF4B-00C04F79EFBC}") = "PlayingWithTagHelpers", "PlayingWithTagHelpers\PlayingWithTagHelpers.csproj", "{9090EE8E-4471-4CFD-BD4D-0007DA29CDC2}"
EndProject
Global
	GlobalSection(SolutionConfigurationPlatforms) = preSolution
		Debug|Any CPU = Debug|Any CPU
		Release|Any CPU = Release|Any CPU
	EndGlobalSection
	GlobalSection(ProjectConfigurationPlatforms) = postSolution
		{9090EE8E-4471-4CFD-BD4D-0007DA29CDC2}.Debug|Any CPU.ActiveCfg = Debug|Any CPU
		{9090EE8E-4471-4CFD-BD4D-0007DA29CDC2}.Debug|Any CPU.Build.0 = Debug|Any CPU
		{9090EE8E-4471-4CFD-BD4D-0007DA29CDC2}.Release|Any CPU.ActiveCfg = Release|Any CPU
		{9090EE8E-4471-4CFD-BD4D-0007DA29CDC2}.Release|Any CPU.Build.0 = Release|Any CPU
	EndGlobalSection
	GlobalSection(SolutionProperties) = preSolution
		HideSolutionNode = FALSE
	EndGlobalSection
	GlobalSection(ExtensibilityGlobals) = postSolution
		SolutionGuid = {700DB6FF-E8E3-4C07-9376-01D2E5944DB6}
	EndGlobalSection
EndGlobal
