
Microsoft Visual Studio Solution File, Format Version 12.00
# Visual Studio Version 17
VisualStudioVersion = 17.8.34408.163
MinimumVisualStudioVersion = 10.0.40219.1
Project("{FAE04EC0-301F-11D3-BF4B-00C04F79EFBC}") = "PlayingWithPages", "PlayingWithPages\PlayingWithPages.csproj", "{56463CB9-B04D-49A8-9424-CEEBDC2E6BD8}"
EndProject
Global
	GlobalSection(SolutionConfigurationPlatforms) = preSolution
		Debug|Any CPU = Debug|Any CPU
		Release|Any CPU = Release|Any CPU
	EndGlobalSection
	GlobalSection(ProjectConfigurationPlatforms) = postSolution
		{56463CB9-B04D-49A8-9424-CEEBDC2E6BD8}.Debug|Any CPU.ActiveCfg = Debug|Any CPU
		{56463CB9-B04D-49A8-9424-CEEBDC2E6BD8}.Debug|Any CPU.Build.0 = Debug|Any CPU
		{56463CB9-B04D-49A8-9424-CEEBDC2E6BD8}.Release|Any CPU.ActiveCfg = Release|Any CPU
		{56463CB9-B04D-49A8-9424-CEEBDC2E6BD8}.Release|Any CPU.Build.0 = Release|Any CPU
	EndGlobalSection
	GlobalSection(SolutionProperties) = preSolution
		HideSolutionNode = FALSE
	EndGlobalSection
	GlobalSection(ExtensibilityGlobals) = postSolution
		SolutionGuid = {33929E19-394F-4111-9642-8965B3328D37}
	EndGlobalSection
EndGlobal
