
Microsoft Visual Studio Solution File, Format Version 12.00
# Visual Studio Version 17
VisualStudioVersion = 17.8.34316.72
MinimumVisualStudioVersion = 10.0.40219.1
Project("{FAE04EC0-301F-11D3-BF4B-00C04F79EFBC}") = "PlayingWithViewComponents", "PlayingWithViewComponents\PlayingWithViewComponents.csproj", "{179D1E75-19B9-493F-9DE3-DC5FDA318164}"
EndProject
Global
	GlobalSection(SolutionConfigurationPlatforms) = preSolution
		Debug|Any CPU = Debug|Any CPU
		Release|Any CPU = Release|Any CPU
	EndGlobalSection
	GlobalSection(ProjectConfigurationPlatforms) = postSolution
		{179D1E75-19B9-493F-9DE3-DC5FDA318164}.Debug|Any CPU.ActiveCfg = Debug|Any CPU
		{179D1E75-19B9-493F-9DE3-DC5FDA318164}.Debug|Any CPU.Build.0 = Debug|Any CPU
		{179D1E75-19B9-493F-9DE3-DC5FDA318164}.Release|Any CPU.ActiveCfg = Release|Any CPU
		{179D1E75-19B9-493F-9DE3-DC5FDA318164}.Release|Any CPU.Build.0 = Release|Any CPU
	EndGlobalSection
	GlobalSection(SolutionProperties) = preSolution
		HideSolutionNode = FALSE
	EndGlobalSection
	GlobalSection(ExtensibilityGlobals) = postSolution
		SolutionGuid = {898B8B6D-8BDC-4623-861D-E14CCF875AE8}
	EndGlobalSection
EndGlobal
